
Microsoft Visual Studio Solution File, Format Version 12.00
# Visual Studio Version 16
VisualStudioVersion = 16.0.31025.194
MinimumVisualStudioVersion = 10.0.40219.1
Project("{888888A0-9F3D-457C-B088-3A5042F75D52}") = "shiyan1", "shiyan1.pyproj", "{1DD114D6-A940-475C-99C3-F30BDD17568F}"
EndProject
Global
	GlobalSection(SolutionConfigurationPlatforms) = preSolution
		Debug|Any CPU = Debug|Any CPU
		Release|Any CPU = Release|Any CPU
	EndGlobalSection
	GlobalSection(ProjectConfigurationPlatforms) = postSolution
		{1DD114D6-A940-475C-99C3-F30BDD17568F}.Debug|Any CPU.ActiveCfg = Debug|Any CPU
		{1DD114D6-A940-475C-99C3-F30BDD17568F}.Release|Any CPU.ActiveCfg = Release|Any CPU
	EndGlobalSection
	GlobalSection(SolutionProperties) = preSolution
		HideSolutionNode = FALSE
	EndGlobalSection
	GlobalSection(ExtensibilityGlobals) = postSolution
		SolutionGuid = {C08D4E9A-E6A2-4F91-BF98-D8C1CBB3BF71}
	EndGlobalSection
EndGlobal
